lockfileVersion: '6.0'

dependencies:
  fauna:
    specifier: ^0.9.2
    version: 0.9.2

devDependencies:
  '@types/node':
    specifier: ^20.4.2
    version: 20.4.2
  typescript:
    specifier: ^5.1.6
    version: 5.1.6

packages:

  /@types/node@20.4.2:
    resolution: {integrity: sha512-Dd0BYtWgnWJKwO1jkmTrzofjK2QXXcai0dmtzvIBhcA+RsG5h8R3xlyta0kGOZRNfL9GuRtb1knmPEhQrePCEw==}
    dev: true

  /fauna@0.9.2:
    resolution: {integrity: sha512-kAgCn/N7HQSXzm34raKG6SBE2rC0K6W9sTCGNP8mVimKvvJLupSmYON5A69eo/dEcrlPYLMiaVhjMo/oQN3YQQ==}
    dev: false

  /typescript@5.1.6:
    resolution: {integrity: sha512-zaWCozRZ6DLEWAWFrVDz1H6FVXzUSfTy5FUMWsQlU8Ym5JP9eO4xkTIROFCQvhQf61z6O/G6ugw3SgAnvvm+HA==}
    engines: {node: '>=14.17'}
    hasBin: true
    dev: true
